
Microsoft Visual Studio Solution File, Format Version 12.00
# Visual Studio Version 17
VisualStudioVersion = 17.7.34202.233
MinimumVisualStudioVersion = 10.0.40219.1
Project("{9A19103F-16F7-4668-BE54-9A1E7A4F7556}") = "Extensions", "Extensions.csproj", "{10D7CC22-A8DD-4068-A921-0FA67AC22676}"
EndProject
Project("{FAE04EC0-301F-11D3-BF4B-00C04F79EFBC}") = "Tests", "..\Tests\Tests.csproj", "{2C292479-401D-4BAB-B191-1A4D2244882C}"
EndProject
Global
	GlobalSection(SolutionConfigurationPlatforms) = preSolution
		Debug|Any CPU = Debug|Any CPU
		Release|Any CPU = Release|Any CPU
	EndGlobalSection
	GlobalSection(ProjectConfigurationPlatforms) = postSolution
		{10D7CC22-A8DD-4068-A921-0FA67AC22676}.Debug|Any CPU.ActiveCfg = Debug|Any CPU
		{10D7CC22-A8DD-4068-A921-0FA67AC22676}.Debug|Any CPU.Build.0 = Debug|Any CPU
		{10D7CC22-A8DD-4068-A921-0FA67AC22676}.Release|Any CPU.ActiveCfg = Release|Any CPU
		{10D7CC22-A8DD-4068-A921-0FA67AC22676}.Release|Any CPU.Build.0 = Release|Any CPU
		{2C292479-401D-4BAB-B191-1A4D2244882C}.Debug|Any CPU.ActiveCfg = Debug|Any CPU
		{2C292479-401D-4BAB-B191-1A4D2244882C}.Debug|Any CPU.Build.0 = Debug|Any CPU
		{2C292479-401D-4BAB-B191-1A4D2244882C}.Release|Any CPU.ActiveCfg = Release|Any CPU
		{2C292479-401D-4BAB-B191-1A4D2244882C}.Release|Any CPU.Build.0 = Release|Any CPU
	EndGlobalSection
	GlobalSection(SolutionProperties) = preSolution
		HideSolutionNode = FALSE
	EndGlobalSection
	GlobalSection(ExtensibilityGlobals) = postSolution
		SolutionGuid = {D9AF593E-9A57-4406-BB6E-D00D04F58445}
	EndGlobalSection
EndGlobal
